Microsoft Visual Studio Solution File, Format Version 12.00
# Visual Studio Version 17
VisualStudioVersion = 17.5.2.0
MinimumVisualStudioVersion = 10.0.40219.1
Project("{FAE04EC0-301F-11D3-BF4B-00C04F79EFBC}") = "VisitorLog", "VisitorLog.csproj", "{8F38233A-3BB7-F495-BFED-EC44282CF95C}"
EndProject
Global
	GlobalSection(SolutionConfigurationPlatforms) = preSolution
		Debug|Any CPU = Debug|Any CPU
		Release|Any CPU = Release|Any CPU
	EndGlobalSection
	GlobalSection(ProjectConfigurationPlatforms) = postSolution
		{8F38233A-3BB7-F495-BFED-EC44282CF95C}.Debug|Any CPU.ActiveCfg = Debug|Any CPU
		{8F38233A-3BB7-F495-BFED-EC44282CF95C}.Debug|Any CPU.Build.0 = Debug|Any CPU
		{8F38233A-3BB7-F495-BFED-EC44282CF95C}.Release|Any CPU.ActiveCfg = Release|Any CPU
		{8F38233A-3BB7-F495-BFED-EC44282CF95C}.Release|Any CPU.Build.0 = Release|Any CPU
	EndGlobalSection
	GlobalSection(SolutionProperties) = preSolution
		HideSolutionNode = FALSE
	EndGlobalSection
	GlobalSection(ExtensibilityGlobals) = postSolution
		SolutionGuid = {88345128-3F2A-4F68-8766-0BFD4A56F62E}
	EndGlobalSection
EndGlobal
